
Microsoft Visual Studio Solution File, Format Version 12.00
# Visual Studio Version 16
VisualStudioVersion = 16.0.809.3
MinimumVisualStudioVersion = 10.0.40219.1
Project("{FAE04EC0-301F-11D3-BF4B-00C04F79EFBC}") = "kalku", "kalku\kalku.csproj", "{02979935-6D66-4C11-9BEE-61E74BD0231B}"
EndProject
Global
	GlobalSection(SolutionConfigurationPlatforms) = preSolution
		Debug|anycpu = Debug|anycpu
		Release|anycpu = Release|anycpu
	EndGlobalSection
	GlobalSection(ProjectConfigurationPlatforms) = postSolution
		{02979935-6D66-4C11-9BEE-61E74BD0231B}.Debug|anycpu.ActiveCfg = Debug|anycpu
		{02979935-6D66-4C11-9BEE-61E74BD0231B}.Debug|anycpu.Build.0 = Debug|anycpu
		{02979935-6D66-4C11-9BEE-61E74BD0231B}.Release|anycpu.ActiveCfg = Release|anycpu
		{02979935-6D66-4C11-9BEE-61E74BD0231B}.Release|anycpu.Build.0 = Release|anycpu
	EndGlobalSection
	GlobalSection(SolutionProperties) = preSolution
		HideSolutionNode = FALSE
	EndGlobalSection
	GlobalSection(ExtensibilityGlobals) = postSolution
		SolutionGuid = {47595D49-DE31-496B-A9DB-803E7EB29427}
	EndGlobalSection
EndGlobal
